
Microsoft Visual Studio Solution File, Format Version 11.00
# Visual Studio 2010
Project("{8BC9CEB8-8B4A-11D0-8D11-00A0C91BC942}") = "memory allocation", "memory allocation\memory allocation.vcxproj", "{41073193-639E-47EA-A669-31DB923EDCE7}"
EndProject
Global
	GlobalSection(SolutionConfigurationPlatforms) = preSolution
		Debug|Win32 = Debug|Win32
		Release|Win32 = Release|Win32
	EndGlobalSection
	GlobalSection(ProjectConfigurationPlatforms) = postSolution
		{41073193-639E-47EA-A669-31DB923EDCE7}.Debug|Win32.ActiveCfg = Debug|Win32
		{41073193-639E-47EA-A669-31DB923EDCE7}.Debug|Win32.Build.0 = Debug|Win32
		{41073193-639E-47EA-A669-31DB923EDCE7}.Release|Win32.ActiveCfg = Release|Win32
		{41073193-639E-47EA-A669-31DB923EDCE7}.Release|Win32.Build.0 = Release|Win32
	EndGlobalSection
	GlobalSection(SolutionProperties) = preSolution
		HideSolutionNode = FALSE
	EndGlobalSection
EndGlobal
